// !$*UTF8*$!
{
	archiveVersion = 1;
	classes = {
	};
	objectVersion = 46;
	objects = {

/* Begin PBXBuildFile section */
		D7C862D617986ABF0071A656 /* UIKit.framework in Frameworks */ = {isa = PBXBuildFile; fileRef = D7C862D517986ABF0071A656 /* UIKit.framework */; };
		D7C862D817986ABF0071A656 /* Foundation.framework in Frameworks */ = {isa = PBXBuildFile; fileRef = D7C862D717986ABF0071A656 /* Foundation.framework */; };
		D7C862DA17986ABF0071A656 /* CoreGraphics.framework in Frameworks */ = {isa = PBXBuildFile; fileRef = D7C862D917986ABF0071A656 /* CoreGraphics.framework */; };
		D7C862E017986ABF0071A656 /* InfoPlist.strings in Resources */ = {isa = PBXBuildFile; fileRef = D7C862DE17986ABF0071A656 /* InfoPlist.strings */; };
		D7C862E217986ABF0071A656 /* main.m in Sources */ = {isa = PBXBuildFile; fileRef = D7C862E117986ABF0071A656 /* main.m */; };
		D7C862E617986ABF0071A656 /* FRTNAppDelegate.m in Sources */ = {isa = PBXBuildFile; fileRef = D7C862E517986ABF0071A656 /* FRTNAppDelegate.m */; };
		D7C862E817986ABF0071A656 /* Default.png in Resources */ = {isa = PBXBuildFile; fileRef = D7C862E717986ABF0071A656 /* Default.png */; };
		D7C862EA17986ABF0071A656 /* Default@2x.png in Resources */ = {isa = PBXBuildFile; fileRef = D7C862E917986ABF0071A656 /* Default@2x.png */; };
		D7C862EC17986ABF0071A656 /* Default-568h@2x.png in Resources */ = {isa = PBXBuildFile; fileRef = D7C862EB17986ABF0071A656 /* Default-568h@2x.png */; };
		D7C862EF17986ABF0071A656 /* FRTNViewController.m in Sources */ = {isa = PBXBuildFile; fileRef = D7C862EE17986ABF0071A656 /* FRTNViewController.m */; };
		D7C862F217986ABF0071A656 /* FRTNViewController.xib in Resources */ = {isa = PBXBuildFile; fileRef = D7C862F017986ABF0071A656 /* FRTNViewController.xib */; };
		D7C862FA17986ABF0071A656 /* SenTestingKit.framework in Frameworks */ = {isa = PBXBuildFile; fileRef = D7C862F917986ABF0071A656 /* SenTestingKit.framework */; };
		D7C862FB17986ABF0071A656 /* UIKit.framework in Frameworks */ = {isa = PBXBuildFile; fileRef = D7C862D517986ABF0071A656 /* UIKit.framework */; };
		D7C862FC17986ABF0071A656 /* Foundation.framework in Frameworks */ = {isa = PBXBuildFile; fileRef = D7C862D717986ABF0071A656 /* Foundation.framework */; };
		D7C8630417986ABF0071A656 /* InfoPlist.strings in Resources */ = {isa = PBXBuildFile; fileRef = D7C8630217986ABF0071A656 /* InfoPlist.strings */; };
		D7C8630717986ABF0071A656 /* FortuneTests.m in Sources */ = {isa = PBXBuildFile; fileRef = D7C8630617986ABF0071A656 /* FortuneTests.m */; };
/* End PBXBuildFile section */

/* Begin PBXContainerItemProxy section */
		D7C862FD17986ABF0071A656 /* PBXContainerItemProxy */ = {
			isa = PBXContainerItemProxy;
			containerPortal = D7C862CA17986ABF0071A656 /* Project object */;
			proxyType = 1;
			remoteGlobalIDString = D7C862D117986ABF0071A656;
			remoteInfo = Fortune;
		};
/* End PBXContainerItemProxy section */

/* Begin PBXFileReference section */
		D7C862D217986ABF0071A656 /* Fortune.app */ = {isa = PBXFileReference; explicitFileType = wrapper.application; includeInIndex = 0; path = Fortune.app; sourceTree = BUILT_PRODUCTS_DIR; };
		D7C862D517986ABF0071A656 /* UIKit.framework */ = {isa = PBXFileReference; lastKnownFileType = wrapper.framework; name = UIKit.framework; path = System/Library/Frameworks/UIKit.framework; sourceTree = SDKROOT; };
		D7C862D717986ABF0071A656 /* Foundation.framework */ = {isa = PBXFileReference; lastKnownFileType = wrapper.framework; name = Foundation.framework; path = System/Library/Frameworks/Foundation.framework; sourceTree = SDKROOT; };
		D7C862D917986ABF0071A656 /* CoreGraphics.framework */ = {isa = PBXFileReference; lastKnownFileType = wrapper.framework; name = CoreGraphics.framework; path = System/Library/Frameworks/CoreGraphics.framework; sourceTree = SDKROOT; };
		D7C862DD17986ABF0071A656 /* Fortune-Info.plist */ = {isa = PBXFileReference; lastKnownFileType = text.plist.xml; path = "Fortune-Info.plist"; sourceTree = "<group>"; };
		D7C862DF17986ABF0071A656 /* en */ = {isa = PBXFileReference; lastKnownFileType = text.plist.strings; name = en; path = en.lproj/InfoPlist.strings; sourceTree = "<group>"; };
		D7C862E117986ABF0071A656 /* main.m */ = {isa = PBXFileReference; lastKnownFileType = sourcecode.c.objc; path = main.m; sourceTree = "<group>"; };
		D7C862E317986ABF0071A656 /* Fortune-Prefix.pch */ = {isa = PBXFileReference; lastKnownFileType = sourcecode.c.h; path = "Fortune-Prefix.pch"; sourceTree = "<group>"; };
		D7C862E417986ABF0071A656 /* FRTNAppDelegate.h */ = {isa = PBXFileReference; lastKnownFileType = sourcecode.c.h; path = FRTNAppDelegate.h; sourceTree = "<group>"; };
		D7C862E517986ABF0071A656 /* FRTNAppDelegate.m */ = {isa = PBXFileReference; lastKnownFileType = sourcecode.c.objc; path = FRTNAppDelegate.m; sourceTree = "<group>"; };
		D7C862E717986ABF0071A656 /* Default.png */ = {isa = PBXFileReference; lastKnownFileType = image.png; path = Default.png; sourceTree = "<group>"; };
		D7C862E917986ABF0071A656 /* Default@2x.png */ = {isa = PBXFileReference; lastKnownFileType = image.png; path = "Default@2x.png"; sourceTree = "<group>"; };
		D7C862EB17986ABF0071A656 /* Default-568h@2x.png */ = {isa = PBXFileReference; lastKnownFileType = image.png; path = "Default-568h@2x.png"; sourceTree = "<group>"; };
		D7C862ED17986ABF0071A656 /* FRTNViewController.h */ = {isa = PBXFileReference; lastKnownFileType = sourcecode.c.h; path = FRTNViewController.h; sourceTree = "<group>"; };
		D7C862EE17986ABF0071A656 /* FRTNViewController.m */ = {isa = PBXFileReference; lastKnownFileType = sourcecode.c.objc; path = FRTNViewController.m; sourceTree = "<group>"; };
		D7C862F117986ABF0071A656 /* en */ = {isa = PBXFileReference; lastKnownFileType = file.xib; name = en; path = en.lproj/FRTNViewController.xib; sourceTree = "<group>"; };
		D7C862F817986ABF0071A656 /* FortuneTests.octest */ = {isa = PBXFileReference; explicitFileType = wrapper.cfbundle; includeInIndex = 0; path = FortuneTests.octest; sourceTree = BUILT_PRODUCTS_DIR; };
		D7C862F917986ABF0071A656 /* SenTestingKit.framework */ = {isa = PBXFileReference; lastKnownFileType = wrapper.framework; name = SenTestingKit.framework; path = Library/Frameworks/SenTestingKit.framework; sourceTree = DEVELOPER_DIR; };
		D7C8630117986ABF0071A656 /* FortuneTests-Info.plist */ = {isa = PBXFileReference; lastKnownFileType = text.plist.xml; path = "FortuneTests-Info.plist"; sourceTree = "<group>"; };
		D7C8630317986ABF0071A656 /* en */ = {isa = PBXFileReference; lastKnownFileType = text.plist.strings; name = en; path = en.lproj/InfoPlist.strings; sourceTree = "<group>"; };
		D7C8630517986ABF0071A656 /* FortuneTests.h */ = {isa = PBXFileReference; lastKnownFileType = sourcecode.c.h; path = FortuneTests.h; sourceTree = "<group>"; };
		D7C8630617986ABF0071A656 /* FortuneTests.m */ = {isa = PBXFileReference; lastKnownFileType = sourcecode.c.objc; path = FortuneTests.m; sourceTree = "<group>"; };
/* End PBXFileReference section */

/* Begin PBXFrameworksBuildPhase section */
		D7C862CF17986ABF0071A656 /* Frameworks */ = {
			isa = PBXFrameworksBuildPhase;
			buildActionMask = 2147483647;
			files = (
				D7C862D617986ABF0071A656 /* UIKit.framework in Frameworks */,
				D7C862D817986ABF0071A656 /* Foundation.framework in Frameworks */,
				D7C862DA17986ABF0071A656 /* CoreGraphics.framework in Frameworks */,
			);
			runOnlyForDeploymentPostprocessing = 0;
		};
		D7C862F417986ABF0071A656 /* Frameworks */ = {
			isa = PBXFrameworksBuildPhase;
			buildActionMask = 2147483647;
			files = (
				D7C862FA17986ABF0071A656 /* SenTestingKit.framework in Frameworks */,
				D7C862FB17986ABF0071A656 /* UIKit.framework in Frameworks */,
				D7C862FC17986ABF0071A656 /* Foundation.framework in Frameworks */,
			);
			runOnlyForDeploymentPostprocessing = 0;
		};
/* End PBXFrameworksBuildPhase section */

/* Begin PBXGroup section */
		D7C862C917986ABF0071A656 = {
			isa = PBXGroup;
			children = (
				D7C862DB17986ABF0071A656 /* Fortune */,
				D7C862FF17986ABF0071A656 /* FortuneTests */,
				D7C862D417986ABF0071A656 /* Frameworks */,
				D7C862D317986ABF0071A656 /* Products */,
			);
			sourceTree = "<group>";
		};
		D7C862D317986ABF0071A656 /* Products */ = {
			isa = PBXGroup;
			children = (
				D7C862D217986ABF0071A656 /* Fortune.app */,
				D7C862F817986ABF0071A656 /* FortuneTests.octest */,
			);
			name = Products;
			sourceTree = "<group>";
		};
		D7C862D417986ABF0071A656 /* Frameworks */ = {
			isa = PBXGroup;
			children = (
				D7C862D517986ABF0071A656 /* UIKit.framework */,
				D7C862D717986ABF0071A656 /* Foundation.framework */,
				D7C862D917986ABF0071A656 /* CoreGraphics.framework */,
				D7C862F917986ABF0071A656 /* SenTestingKit.framework */,
			);
			name = Frameworks;
			sourceTree = "<group>";
		};
		D7C862DB17986ABF0071A656 /* Fortune */ = {
			isa = PBXGroup;
			children = (
				D7C862E417986ABF0071A656 /* FRTNAppDelegate.h */,
				D7C862E517986ABF0071A656 /* FRTNAppDelegate.m */,
				D7C862ED17986ABF0071A656 /* FRTNViewController.h */,
				D7C862EE17986ABF0071A656 /* FRTNViewController.m */,
				D7C862F017986ABF0071A656 /* FRTNViewController.xib */,
				D7C862DC17986ABF0071A656 /* Supporting Files */,
			);
			path = Fortune;
			sourceTree = "<group>";
		};
		D7C862DC17986ABF0071A656 /* Supporting Files */ = {
			isa = PBXGroup;
			children = (
				D7C862DD17986ABF0071A656 /* Fortune-Info.plist */,
				D7C862DE17986ABF0071A656 /* InfoPlist.strings */,
				D7C862E117986ABF0071A656 /* main.m */,
				D7C862E317986ABF0071A656 /* Fortune-Prefix.pch */,
				D7C862E717986ABF0071A656 /* Default.png */,
				D7C862E917986ABF0071A656 /* Default@2x.png */,
				D7C862EB17986ABF0071A656 /* Default-568h@2x.png */,
			);
			name = "Supporting Files";
			sourceTree = "<group>";
		};
		D7C862FF17986ABF0071A656 /* FortuneTests */ = {
			isa = PBXGroup;
			children = (
				D7C8630517986ABF0071A656 /* FortuneTests.h */,
				D7C8630617986ABF0071A656 /* FortuneTests.m */,
				D7C8630017986ABF0071A656 /* Supporting Files */,
			);
			path = FortuneTests;
			sourceTree = "<group>";
		};
		D7C8630017986ABF0071A656 /* Supporting Files */ = {
			isa = PBXGroup;
			children = (
				D7C8630117986ABF0071A656 /* FortuneTests-Info.plist */,
				D7C8630217986ABF0071A656 /* InfoPlist.strings */,
			);
			name = "Supporting Files";
			sourceTree = "<group>";
		};
/* End PBXGroup section */

/* Begin PBXNativeTarget section */
		D7C862D117986ABF0071A656 /* Fortune */ = {
			isa = PBXNativeTarget;
			buildConfigurationList = D7C8630A17986ABF0071A656 /* Build configuration list for PBXNativeTarget "Fortune" */;
			buildPhases = (
				D7C862CE17986ABF0071A656 /* Sources */,
				D7C862CF17986ABF0071A656 /* Frameworks */,
				D7C862D017986ABF0071A656 /* Resources */,
			);
			buildRules = (
			);
			dependencies = (
			);
			name = Fortune;
			productName = Fortune;
			productReference = D7C862D217986ABF0071A656 /* Fortune.app */;
			productType = "com.apple.product-type.application";
		};
		D7C862F717986ABF0071A656 /* FortuneTests */ = {
			isa = PBXNativeTarget;
			buildConfigurationList = D7C8630D17986ABF0071A656 /* Build configuration list for PBXNativeTarget "FortuneTests" */;
			buildPhases = (
				D7C862F317986ABF0071A656 /* Sources */,
				D7C862F417986ABF0071A656 /* Frameworks */,
				D7C862F517986ABF0071A656 /* Resources */,
				D7C862F617986ABF0071A656 /* ShellScript */,
			);
			buildRules = (
			);
			dependencies = (
				D7C862FE17986ABF0071A656 /* PBXTargetDependency */,
			);
			name = FortuneTests;
			productName = FortuneTests;
			productReference = D7C862F817986ABF0071A656 /* FortuneTests.octest */;
			productType = "com.apple.product-type.bundle";
		};
/* End PBXNativeTarget section */

/* Begin PBXProject section */
		D7C862CA17986ABF0071A656 /* Project object */ = {
			isa = PBXProject;
			attributes = {
				CLASSPREFIX = FRTN;
				LastUpgradeCheck = 0460;
				ORGANIZATIONNAME = Lemon.Studio;
			};
			buildConfigurationList = D7C862CD17986ABF0071A656 /* Build configuration list for PBXProject "Fortune" */;
			compatibilityVersion = "Xcode 3.2";
			developmentRegion = English;
			hasScannedForEncodings = 0;
			knownRegions = (
				en,
			);
			mainGroup = D7C862C917986ABF0071A656;
			productRefGroup = D7C862D317986ABF0071A656 /* Products */;
			projectDirPath = "";
			projectRoot = "";
			targets = (
				D7C862D117986ABF0071A656 /* Fortune */,
				D7C862F717986ABF0071A656 /* FortuneTests */,
			);
		};
/* End PBXProject section */

/* Begin PBXResourcesBuildPhase section */
		D7C862D017986ABF0071A656 /* Resources */ = {
			isa = PBXResourcesBuildPhase;
			buildActionMask = 2147483647;
			files = (
				D7C862E017986ABF0071A656 /* InfoPlist.strings in Resources */,
				D7C862E817986ABF0071A656 /* Default.png in Resources */,
				D7C862EA17986ABF0071A656 /* Default@2x.png in Resources */,
				D7C862EC17986ABF0071A656 /* Default-568h@2x.png in Resources */,
				D7C862F217986ABF0071A656 /* FRTNViewController.xib in Resources */,
			);
			runOnlyForDeploymentPostprocessing = 0;
		};
		D7C862F517986ABF0071A656 /* Resources */ = {
			isa = PBXResourcesBuildPhase;
			buildActionMask = 2147483647;
			files = (
				D7C8630417986ABF0071A656 /* InfoPlist.strings in Resources */,
			);
			runOnlyForDeploymentPostprocessing = 0;
		};
/* End PBXResourcesBuildPhase section */

/* Begin PBXShellScriptBuildPhase section */
		D7C862F617986ABF0071A656 /* ShellScript */ = {
			isa = PBXShellScriptBuildPhase;
			buildActionMask = 2147483647;
			files = (
			);
			inputPaths = (
			);
			outputPaths = (
			);
			runOnlyForDeploymentPostprocessing = 0;
			shellPath = /bin/sh;
			shellScript = "# Run the unit tests in this test bundle.\n\"${SYSTEM_DEVELOPER_DIR}/Tools/RunUnitTests\"\n";
		};
/* End PBXShellScriptBuildPhase section */

/* Begin PBXSourcesBuildPhase section */
		D7C862CE17986ABF0071A656 /* Sources */ = {
			isa = PBXSourcesBuildPhase;
			buildActionMask = 2147483647;
			files = (
				D7C862E217986ABF0071A656 /* main.m in Sources */,
				D7C862E617986ABF0071A656 /* FRTNAppDelegate.m in Sources */,
				D7C862EF17986ABF0071A656 /* FRTNViewController.m in Sources */,
			);
			runOnlyForDeploymentPostprocessing = 0;
		};
		D7C862F317986ABF0071A656 /* Sources */ = {
			isa = PBXSourcesBuildPhase;
			buildActionMask = 2147483647;
			files = (
				D7C8630717986ABF0071A656 /* FortuneTests.m in Sources */,
			);
			runOnlyForDeploymentPostprocessing = 0;
		};
/* End PBXSourcesBuildPhase section */

/* Begin PBXTargetDependency section */
		D7C862FE17986ABF0071A656 /* PBXTargetDependency */ = {
			isa = PBXTargetDependency;
			target = D7C862D117986ABF0071A656 /* Fortune */;
			targetProxy = D7C862FD17986ABF0071A656 /* PBXContainerItemProxy */;
		};
/* End PBXTargetDependency section */

/* Begin PBXVariantGroup section */
		D7C862DE17986ABF0071A656 /* InfoPlist.strings */ = {
			isa = PBXVariantGroup;
			children = (
				D7C862DF17986ABF0071A656 /* en */,
			);
			name = InfoPlist.strings;
			sourceTree = "<group>";
		};
		D7C862F017986ABF0071A656 /* FRTNViewController.xib */ = {
			isa = PBXVariantGroup;
			children = (
				D7C862F117986ABF0071A656 /* en */,
			);
			name = FRTNViewController.xib;
			sourceTree = "<group>";
		};
		D7C8630217986ABF0071A656 /* InfoPlist.strings */ = {
			isa = PBXVariantGroup;
			children = (
				D7C8630317986ABF0071A656 /* en */,
			);
			name = InfoPlist.strings;
			sourceTree = "<group>";
		};
/* End PBXVariantGroup section */

/* Begin XCBuildConfiguration section */
		D7C8630817986ABF0071A656 /* Debug */ = {
			isa = XCBuildConfiguration;
			buildSettings = {
				ALWAYS_SEARCH_USER_PATHS = NO;
				CLANG_CXX_LANGUAGE_STANDARD = "gnu++0x";
				CLANG_CXX_LIBRARY = "libc++";
				CLANG_ENABLE_OBJC_ARC = YES;
				CLANG_WARN_CONSTANT_CONVERSION = YES;
				CLANG_WARN_EMPTY_BODY = YES;
				CLANG_WARN_ENUM_CONVERSION = YES;
				CLANG_WARN_INT_CONVERSION = YES;
				CLANG_WARN__DUPLICATE_METHOD_MATCH = YES;
				"CODE_SIGN_IDENTITY[sdk=iphoneos*]" = "iPhone Developer";
				COPY_PHASE_STRIP = NO;
				GCC_C_LANGUAGE_STANDARD = gnu99;
				GCC_DYNAMIC_NO_PIC = NO;
				GCC_OPTIMIZATION_LEVEL = 0;
				GCC_PREPROCESSOR_DEFINITIONS = (
					"DEBUG=1",
					"$(inherited)",
				);
				GCC_SYMBOLS_PRIVATE_EXTERN = NO;
				GCC_WARN_ABOUT_RETURN_TYPE = YES;
				GCC_WARN_UNINITIALIZED_AUTOS = YES;
				GCC_WARN_UNUSED_VARIABLE = YES;
				IPHONEOS_DEPLOYMENT_TARGET = 6.1;
				ONLY_ACTIVE_ARCH = YES;
				SDKROOT = iphoneos;
			};
			name = Debug;
		};
		D7C8630917986ABF0071A656 /* Release */ = {
			isa = XCBuildConfiguration;
			buildSettings = {
				ALWAYS_SEARCH_USER_PATHS = NO;
				CLANG_CXX_LANGUAGE_STANDARD = "gnu++0x";
				CLANG_CXX_LIBRARY = "libc++";
				CLANG_ENABLE_OBJC_ARC = YES;
				CLANG_WARN_CONSTANT_CONVERSION = YES;
				CLANG_WARN_EMPTY_BODY = YES;
				CLANG_WARN_ENUM_CONVERSION = YES;
				CLANG_WARN_INT_CONVERSION = YES;
				CLANG_WARN__DUPLICATE_METHOD_MATCH = YES;
				"CODE_SIGN_IDENTITY[sdk=iphoneos*]" = "iPhone Developer";
				COPY_PHASE_STRIP = YES;
				GCC_C_LANGUAGE_STANDARD = gnu99;
				GCC_WARN_ABOUT_RETURN_TYPE = YES;
				GCC_WARN_UNINITIALIZED_AUTOS = YES;
				GCC_WARN_UNUSED_VARIABLE = YES;
				IPHONEOS_DEPLOYMENT_TARGET = 6.1;
				OTHER_CFLAGS = "-DNS_BLOCK_ASSERTIONS=1";
				SDKROOT = iphoneos;
				VALIDATE_PRODUCT = YES;
			};
			name = Release;
		};
		D7C8630B17986ABF0071A656 /* Debug */ = {
			isa = XCBuildConfiguration;
			buildSettings = {
				GCC_PRECOMPILE_PREFIX_HEADER = YES;
				GCC_PREFIX_HEADER = "Fortune/Fortune-Prefix.pch";
				INFOPLIST_FILE = "Fortune/Fortune-Info.plist";
				PRODUCT_NAME = "$(TARGET_NAME)";
				WRAPPER_EXTENSION = app;
			};
			name = Debug;
		};
		D7C8630C17986ABF0071A656 /* Release */ = {
			isa = XCBuildConfiguration;
			buildSettings = {
				GCC_PRECOMPILE_PREFIX_HEADER = YES;
				GCC_PREFIX_HEADER = "Fortune/Fortune-Prefix.pch";
				INFOPLIST_FILE = "Fortune/Fortune-Info.plist";
				PRODUCT_NAME = "$(TARGET_NAME)";
				WRAPPER_EXTENSION = app;
			};
			name = Release;
		};
		D7C8630E17986ABF0071A656 /* Debug */ = {
			isa = XCBuildConfiguration;
			buildSettings = {
				BUNDLE_LOADER = "$(BUILT_PRODUCTS_DIR)/Fortune.app/Fortune";
				FRAMEWORK_SEARCH_PATHS = (
					"\"$(SDKROOT)/Developer/Library/Frameworks\"",
					"\"$(DEVELOPER_LIBRARY_DIR)/Frameworks\"",
				);
				GCC_PRECOMPILE_PREFIX_HEADER = YES;
				GCC_PREFIX_HEADER = "Fortune/Fortune-Prefix.pch";
				INFOPLIST_FILE = "FortuneTests/FortuneTests-Info.plist";
				PRODUCT_NAME = "$(TARGET_NAME)";
				TEST_HOST = "$(BUNDLE_LOADER)";
				WRAPPER_EXTENSION = octest;
			};
			name = Debug;
		};
		D7C8630F17986ABF0071A656 /* Release */ = {
			isa = XCBuildConfiguration;
			buildSettings = {
				BUNDLE_LOADER = "$(BUILT_PRODUCTS_DIR)/Fortune.app/Fortune";
				FRAMEWORK_SEARCH_PATHS = (
					"\"$(SDKROOT)/Developer/Library/Frameworks\"",
					"\"$(DEVELOPER_LIBRARY_DIR)/Frameworks\"",
				);
				GCC_PRECOMPILE_PREFIX_HEADER = YES;
				GCC_PREFIX_HEADER = "Fortune/Fortune-Prefix.pch";
				INFOPLIST_FILE = "FortuneTests/FortuneTests-Info.plist";
				PRODUCT_NAME = "$(TARGET_NAME)";
				TEST_HOST = "$(BUNDLE_LOADER)";
				WRAPPER_EXTENSION = octest;
			};
			name = Release;
		};
/* End XCBuildConfiguration section */

/* Begin XCConfigurationList section */
		D7C862CD17986ABF0071A656 /* Build configuration list for PBXProject "Fortune" */ = {
			isa = XCConfigurationList;
			buildConfigurations = (
				D7C8630817986ABF0071A656 /* Debug */,
				D7C8630917986ABF0071A656 /* Release */,
			);
			defaultConfigurationIsVisible = 0;
			defaultConfigurationName = Release;
		};
		D7C8630A17986ABF0071A656 /* Build configuration list for PBXNativeTarget "Fortune" */ = {
			isa = XCConfigurationList;
			buildConfigurations = (
				D7C8630B17986ABF0071A656 /* Debug */,
				D7C8630C17986ABF0071A656 /* Release */,
			);
			defaultConfigurationIsVisible = 0;
			defaultConfigurationName = Release;
		};
		D7C8630D17986ABF0071A656 /* Build configuration list for PBXNativeTarget "FortuneTests" */ = {
			isa = XCConfigurationList;
			buildConfigurations = (
				D7C8630E17986ABF0071A656 /* Debug */,
				D7C8630F17986ABF0071A656 /* Release */,
			);
			defaultConfigurationIsVisible = 0;
			defaultConfigurationName = Release;
		};
/* End XCConfigurationList section */
	};
	rootObject = D7C862CA17986ABF0071A656 /* Project object */;
}
